
Microsoft Visual Studio Solution File, Format Version 12.00
# Visual Studio Version 16
VisualStudioVersion = 16.0.29609.76
MinimumVisualStudioVersion = 10.0.40219.1
Project("{FAE04EC0-301F-11D3-BF4B-00C04F79EFBC}") = "AbbottCredentialMobile.Android", "AbbottCredentialMobile.Android\AbbottCredentialMobile.Android.csproj", "{FCCFC8C0-1C2B-464D-A82D-EFD6C56C3D1F}"
EndProject
Project("{FAE04EC0-301F-11D3-BF4B-00C04F79EFBC}") = "AbbottCredentialMobile", "AbbottCredentialMobile\AbbottCredentialMobile.csproj", "{FC82CFA7-28A7-403F-BDAD-22A4F5946522}"
EndProject
Global
	GlobalSection(SolutionConfigurationPlatforms) = preSolution
		Debug|Any CPU = Debug|Any CPU
		Release|Any CPU = Release|Any CPU
	EndGlobalSection
	GlobalSection(ProjectConfigurationPlatforms) = postSolution
		{FCCFC8C0-1C2B-464D-A82D-EFD6C56C3D1F}.Debug|Any CPU.ActiveCfg = Debug|Any CPU
		{FCCFC8C0-1C2B-464D-A82D-EFD6C56C3D1F}.Debug|Any CPU.Build.0 = Debug|Any CPU
		{FCCFC8C0-1C2B-464D-A82D-EFD6C56C3D1F}.Debug|Any CPU.Deploy.0 = Debug|Any CPU
		{FCCFC8C0-1C2B-464D-A82D-EFD6C56C3D1F}.Release|Any CPU.ActiveCfg = Release|Any CPU
		{FCCFC8C0-1C2B-464D-A82D-EFD6C56C3D1F}.Release|Any CPU.Build.0 = Release|Any CPU
		{FCCFC8C0-1C2B-464D-A82D-EFD6C56C3D1F}.Release|Any CPU.Deploy.0 = Release|Any CPU
		{FC82CFA7-28A7-403F-BDAD-22A4F5946522}.Debug|Any CPU.ActiveCfg = Debug|Any CPU
		{FC82CFA7-28A7-403F-BDAD-22A4F5946522}.Debug|Any CPU.Build.0 = Debug|Any CPU
		{FC82CFA7-28A7-403F-BDAD-22A4F5946522}.Debug|Any CPU.Deploy.0 = Debug|Any CPU
		{FC82CFA7-28A7-403F-BDAD-22A4F5946522}.Release|Any CPU.ActiveCfg = Release|Any CPU
		{FC82CFA7-28A7-403F-BDAD-22A4F5946522}.Release|Any CPU.Build.0 = Release|Any CPU
		{FC82CFA7-28A7-403F-BDAD-22A4F5946522}.Release|Any CPU.Deploy.0 = Release|Any CPU
	EndGlobalSection
	GlobalSection(SolutionProperties) = preSolution
		HideSolutionNode = FALSE
	EndGlobalSection
	GlobalSection(ExtensibilityGlobals) = postSolution
		SolutionGuid = {AAFC9990-E8E9-4FD8-ACA3-802D5C225DA2}
	EndGlobalSection
EndGlobal
